<?xml version="1.0" encoding="utf-8"?>
<Project ToolsVersion="4.0" xmlns="http://schemas.microsoft.com/developer/msbuild/2003">
  <ItemGroup>
    <ClCompile Include="GTAFmod.cpp" />
    <ClCompile Include="Curve.cpp" />
    <ClCompile Include="FMODAudio.cpp" />
  </ItemGroup>
  <ItemGroup>
    <ClInclude Include="Curve.h" />
    <ClInclude Include="IniReader\IniReader.h" />
    <ClInclude Include="IniReader\ini_parser.hpp" />
    <ClInclude Include="FMODAudio.h" />
    <ClInclude Include="INIConfig.h" />
    <ClInclude Include="BankINIConfig.h" />
    <ClInclude Include="Utils.h" />
  </ItemGroup>
</Project>